
Microsoft Visual Studio Solution File, Format Version 12.00
# Visual Studio 14
VisualStudioVersion = 14.0.25420.1
MinimumVisualStudioVersion = 10.0.40219.1
Project("{FAE04EC0-301F-11D3-BF4B-00C04F79EFBC}") = "ProjMedical", "ProjMedical\ProjMedical.csproj", "{82DC9D7B-7697-4BB2-B9C4-C335931569E6}"
EndProject
Project("{54435603-DBB4-11D2-8724-00A0C9A8B90C}") = "ImageCapturing", "Setup\ImageCapturing\ImageCapturing.vdproj", "{80CA50B5-AC7C-47E3-9561-F177F889E836}"
EndProject
Global
	GlobalSection(SolutionConfigurationPlatforms) = preSolution
		Debug|Any CPU = Debug|Any CPU
		Release|Any CPU = Release|Any CPU
	EndGlobalSection
	GlobalSection(ProjectConfigurationPlatforms) = postSolution
		{82DC9D7B-7697-4BB2-B9C4-C335931569E6}.Debug|Any CPU.ActiveCfg = Debug|Any CPU
		{82DC9D7B-7697-4BB2-B9C4-C335931569E6}.Debug|Any CPU.Build.0 = Debug|Any CPU
		{82DC9D7B-7697-4BB2-B9C4-C335931569E6}.Release|Any CPU.ActiveCfg = Release|Any CPU
		{82DC9D7B-7697-4BB2-B9C4-C335931569E6}.Release|Any CPU.Build.0 = Release|Any CPU
		{80CA50B5-AC7C-47E3-9561-F177F889E836}.Debug|Any CPU.ActiveCfg = Debug
		{80CA50B5-AC7C-47E3-9561-F177F889E836}.Release|Any CPU.ActiveCfg = Release
	EndGlobalSection
	GlobalSection(SolutionProperties) = preSolution
		HideSolutionNode = FALSE
	EndGlobalSection
	GlobalSection(ExtensibilityGlobals) = postSolution
		SolutionGuid = {65AA9047-6238-43C4-A868-9769BF0D7582}
	EndGlobalSection
EndGlobal
